
Microsoft Visual Studio Solution File, Format Version 12.00
# Visual Studio Version 17
VisualStudioVersion = 17.9.34701.34
MinimumVisualStudioVersion = 10.0.40219.1
Project("{8BC9CEB8-8B4A-11D0-8D11-00A0C91BC942}") = "StreamReaderandWriter", "StreamReaderandWriter\StreamReaderandWriter.vcxproj", "{7B93DAD5-7873-4C9D-A2BD-FB07221BDC45}"
EndProject
Project("{8BC9CEB8-8B4A-11D0-8D11-00A0C91BC942}") = "iosFileWithPath", "iosFileWithPath\iosFileWithPath.vcxproj", "{29D953B6-F34B-4430-8241-379D5931F130}"
EndProject
Global
	GlobalSection(SolutionConfigurationPlatforms) = preSolution
		Debug|x64 = Debug|x64
		Debug|x86 = Debug|x86
		Release|x64 = Release|x64
		Release|x86 = Release|x86
	EndGlobalSection
	GlobalSection(ProjectConfigurationPlatforms) = postSolution
		{7B93DAD5-7873-4C9D-A2BD-FB07221BDC45}.Debug|x64.ActiveCfg = Debug|x64
		{7B93DAD5-7873-4C9D-A2BD-FB07221BDC45}.Debug|x64.Build.0 = Debug|x64
		{7B93DAD5-7873-4C9D-A2BD-FB07221BDC45}.Debug|x86.ActiveCfg = Debug|Win32
		{7B93DAD5-7873-4C9D-A2BD-FB07221BDC45}.Debug|x86.Build.0 = Debug|Win32
		{7B93DAD5-7873-4C9D-A2BD-FB07221BDC45}.Release|x64.ActiveCfg = Release|x64
		{7B93DAD5-7873-4C9D-A2BD-FB07221BDC45}.Release|x64.Build.0 = Release|x64
		{7B93DAD5-7873-4C9D-A2BD-FB07221BDC45}.Release|x86.ActiveCfg = Release|Win32
		{7B93DAD5-7873-4C9D-A2BD-FB07221BDC45}.Release|x86.Build.0 = Release|Win32
		{29D953B6-F34B-4430-8241-379D5931F130}.Debug|x64.ActiveCfg = Debug|x64
		{29D953B6-F34B-4430-8241-379D5931F130}.Debug|x64.Build.0 = Debug|x64
		{29D953B6-F34B-4430-8241-379D5931F130}.Debug|x86.ActiveCfg = Debug|Win32
		{29D953B6-F34B-4430-8241-379D5931F130}.Debug|x86.Build.0 = Debug|Win32
		{29D953B6-F34B-4430-8241-379D5931F130}.Release|x64.ActiveCfg = Release|x64
		{29D953B6-F34B-4430-8241-379D5931F130}.Release|x64.Build.0 = Release|x64
		{29D953B6-F34B-4430-8241-379D5931F130}.Release|x86.ActiveCfg = Release|Win32
		{29D953B6-F34B-4430-8241-379D5931F130}.Release|x86.Build.0 = Release|Win32
	EndGlobalSection
	GlobalSection(SolutionProperties) = preSolution
		HideSolutionNode = FALSE
	EndGlobalSection
	GlobalSection(ExtensibilityGlobals) = postSolution
		SolutionGuid = {F85E7793-92AB-4842-8333-416115C4CB69}
	EndGlobalSection
EndGlobal
